
Microsoft Visual Studio Solution File, Format Version 12.00
# Visual Studio Version 17
VisualStudioVersion = 17.1.32414.318
MinimumVisualStudioVersion = 10.0.40219.1
Project("{8BC9CEB8-8B4A-11D0-8D11-00A0C91BC942}") = "Polymorph", "Polymorph\Polymorph.vcxproj", "{3358FD17-1662-456C-9F8E-AE871EB9181D}"
EndProject
Global
	GlobalSection(SolutionConfigurationPlatforms) = preSolution
		Debug|x64 = Debug|x64
		Debug|x86 = Debug|x86
		Release|x64 = Release|x64
		Release|x86 = Release|x86
	EndGlobalSection
	GlobalSection(ProjectConfigurationPlatforms) = postSolution
		{3358FD17-1662-456C-9F8E-AE871EB9181D}.Debug|x64.ActiveCfg = Debug|x64
		{3358FD17-1662-456C-9F8E-AE871EB9181D}.Debug|x64.Build.0 = Debug|x64
		{3358FD17-1662-456C-9F8E-AE871EB9181D}.Debug|x86.ActiveCfg = Debug|Win32
		{3358FD17-1662-456C-9F8E-AE871EB9181D}.Debug|x86.Build.0 = Debug|Win32
		{3358FD17-1662-456C-9F8E-AE871EB9181D}.Release|x64.ActiveCfg = Release|x64
		{3358FD17-1662-456C-9F8E-AE871EB9181D}.Release|x64.Build.0 = Release|x64
		{3358FD17-1662-456C-9F8E-AE871EB9181D}.Release|x86.ActiveCfg = Release|Win32
		{3358FD17-1662-456C-9F8E-AE871EB9181D}.Release|x86.Build.0 = Release|Win32
	EndGlobalSection
	GlobalSection(SolutionProperties) = preSolution
		HideSolutionNode = FALSE
	EndGlobalSection
	GlobalSection(ExtensibilityGlobals) = postSolution
		SolutionGuid = {2AAE3956-11FE-4721-BC55-BD5F1C3CB6B5}
	EndGlobalSection
EndGlobal
